
Microsoft Visual Studio Solution File, Format Version 12.00
# Visual Studio Version 17
VisualStudioVersion = 17.8.34511.84
MinimumVisualStudioVersion = 10.0.40219.1
Project("{FAE04EC0-301F-11D3-BF4B-00C04F79EFBC}") = "GrpcGreeterClient", "GrpcGreeterClient.csproj", "{7E567236-57ED-457E-A39B-C3FAB39457B9}"
EndProject
Global
	GlobalSection(SolutionConfigurationPlatforms) = preSolution
		Debug|Any CPU = Debug|Any CPU
		Release|Any CPU = Release|Any CPU
	EndGlobalSection
	GlobalSection(ProjectConfigurationPlatforms) = postSolution
		{7E567236-57ED-457E-A39B-C3FAB39457B9}.Debug|Any CPU.ActiveCfg = Debug|Any CPU
		{7E567236-57ED-457E-A39B-C3FAB39457B9}.Debug|Any CPU.Build.0 = Debug|Any CPU
		{7E567236-57ED-457E-A39B-C3FAB39457B9}.Release|Any CPU.ActiveCfg = Release|Any CPU
		{7E567236-57ED-457E-A39B-C3FAB39457B9}.Release|Any CPU.Build.0 = Release|Any CPU
	EndGlobalSection
	GlobalSection(SolutionProperties) = preSolution
		HideSolutionNode = FALSE
	EndGlobalSection
	GlobalSection(ExtensibilityGlobals) = postSolution
		SolutionGuid = {EC902F73-AEBB-4A92-B989-4E330B058AF0}
	EndGlobalSection
EndGlobal
