
Microsoft Visual Studio Solution File, Format Version 12.00
# Visual Studio Version 17
VisualStudioVersion = 17.8.34408.163
MinimumVisualStudioVersion = 10.0.40219.1
Project("{9A19103F-16F7-4668-BE54-9A1E7A4F7556}") = "BethanysPieShopHRM.App", "BethanysPieShopHRM.App\BethanysPieShopHRM.App.csproj", "{AEB62FBC-8DD7-4338-B746-AFFCC329704D}"
EndProject
Project("{9A19103F-16F7-4668-BE54-9A1E7A4F7556}") = "BethanysPieShopHRM.Shared", "BethanysPieShopHRM.Shared\BethanysPieShopHRM.Shared.csproj", "{29322B97-BD72-4D6E-BBBF-8CB491096D10}"
EndProject
Project("{9A19103F-16F7-4668-BE54-9A1E7A4F7556}") = "BethanysPieShopHRM.Api", "BethanysPieShopHRM.Api\BethanysPieShopHRM.Api.csproj", "{C7BEB9EA-617E-4714-8D00-A93FBCCD2F9A}"
EndProject
Project("{FAE04EC0-301F-11D3-BF4B-00C04F79EFBC}") = "BethanysPieShopHRM.ComponentsLibrary", "BethanysPieShopHRM.ComponentsLibrary\BethanysPieShopHRM.ComponentsLibrary.csproj", "{E65ABD8F-DB74-4F6D-A1FE-C4E7B71CF1A0}"
EndProject
Global
	GlobalSection(SolutionConfigurationPlatforms) = preSolution
		Debug|Any CPU = Debug|Any CPU
		Release|Any CPU = Release|Any CPU
	EndGlobalSection
	GlobalSection(ProjectConfigurationPlatforms) = postSolution
		{AEB62FBC-8DD7-4338-B746-AFFCC329704D}.Debug|Any CPU.ActiveCfg = Debug|Any CPU
		{AEB62FBC-8DD7-4338-B746-AFFCC329704D}.Debug|Any CPU.Build.0 = Debug|Any CPU
		{AEB62FBC-8DD7-4338-B746-AFFCC329704D}.Release|Any CPU.ActiveCfg = Release|Any CPU
		{AEB62FBC-8DD7-4338-B746-AFFCC329704D}.Release|Any CPU.Build.0 = Release|Any CPU
		{29322B97-BD72-4D6E-BBBF-8CB491096D10}.Debug|Any CPU.ActiveCfg = Debug|Any CPU
		{29322B97-BD72-4D6E-BBBF-8CB491096D10}.Debug|Any CPU.Build.0 = Debug|Any CPU
		{29322B97-BD72-4D6E-BBBF-8CB491096D10}.Release|Any CPU.ActiveCfg = Release|Any CPU
		{29322B97-BD72-4D6E-BBBF-8CB491096D10}.Release|Any CPU.Build.0 = Release|Any CPU
		{C7BEB9EA-617E-4714-8D00-A93FBCCD2F9A}.Debug|Any CPU.ActiveCfg = Debug|Any CPU
		{C7BEB9EA-617E-4714-8D00-A93FBCCD2F9A}.Debug|Any CPU.Build.0 = Debug|Any CPU
		{C7BEB9EA-617E-4714-8D00-A93FBCCD2F9A}.Release|Any CPU.ActiveCfg = Release|Any CPU
		{C7BEB9EA-617E-4714-8D00-A93FBCCD2F9A}.Release|Any CPU.Build.0 = Release|Any CPU
		{E65ABD8F-DB74-4F6D-A1FE-C4E7B71CF1A0}.Debug|Any CPU.ActiveCfg = Debug|Any CPU
		{E65ABD8F-DB74-4F6D-A1FE-C4E7B71CF1A0}.Debug|Any CPU.Build.0 = Debug|Any CPU
		{E65ABD8F-DB74-4F6D-A1FE-C4E7B71CF1A0}.Release|Any CPU.ActiveCfg = Release|Any CPU
		{E65ABD8F-DB74-4F6D-A1FE-C4E7B71CF1A0}.Release|Any CPU.Build.0 = Release|Any CPU
	EndGlobalSection
	GlobalSection(SolutionProperties) = preSolution
		HideSolutionNode = FALSE
	EndGlobalSection
	GlobalSection(ExtensibilityGlobals) = postSolution
		SolutionGuid = {8653A112-153B-4D3F-A45C-CDDD61743249}
	EndGlobalSection
EndGlobal
